
Microsoft Visual Studio Solution File, Format Version 12.00
# Visual Studio Version 17
VisualStudioVersion = 17.0.31903.59
MinimumVisualStudioVersion = 10.0.40219.1
Project("{9A19103F-16F7-4668-BE54-9A1E7A4F7556}") = "BlazorPageScript", "src\BlazorPageScript.csproj", "{05291163-6BC9-415A-BB66-61A47A7BB6BE}"
EndProject
Project("{2150E333-8FDC-42A3-9474-1A3956D46DE8}") = "samples", "samples", "{72817B90-7355-402D-8538-3CB4A8CF45E9}"
EndProject
Project("{9A19103F-16F7-4668-BE54-9A1E7A4F7556}") = "BasicSample", "samples\BasicSample\BasicSample.csproj", "{A4EEDBD2-96AF-404C-A5AD-3A33968D7EF6}"
EndProject
Global
	GlobalSection(SolutionConfigurationPlatforms) = preSolution
		Debug|Any CPU = Debug|Any CPU
		Release|Any CPU = Release|Any CPU
	EndGlobalSection
	GlobalSection(ProjectConfigurationPlatforms) = postSolution
		{05291163-6BC9-415A-BB66-61A47A7BB6BE}.Debug|Any CPU.ActiveCfg = Debug|Any CPU
		{05291163-6BC9-415A-BB66-61A47A7BB6BE}.Debug|Any CPU.Build.0 = Debug|Any CPU
		{05291163-6BC9-415A-BB66-61A47A7BB6BE}.Release|Any CPU.ActiveCfg = Release|Any CPU
		{05291163-6BC9-415A-BB66-61A47A7BB6BE}.Release|Any CPU.Build.0 = Release|Any CPU
		{A4EEDBD2-96AF-404C-A5AD-3A33968D7EF6}.Debug|Any CPU.ActiveCfg = Debug|Any CPU
		{A4EEDBD2-96AF-404C-A5AD-3A33968D7EF6}.Debug|Any CPU.Build.0 = Debug|Any CPU
		{A4EEDBD2-96AF-404C-A5AD-3A33968D7EF6}.Release|Any CPU.ActiveCfg = Release|Any CPU
		{A4EEDBD2-96AF-404C-A5AD-3A33968D7EF6}.Release|Any CPU.Build.0 = Release|Any CPU
	EndGlobalSection
	GlobalSection(SolutionProperties) = preSolution
		HideSolutionNode = FALSE
	EndGlobalSection
	GlobalSection(NestedProjects) = preSolution
		{A4EEDBD2-96AF-404C-A5AD-3A33968D7EF6} = {72817B90-7355-402D-8538-3CB4A8CF45E9}
	EndGlobalSection
	GlobalSection(ExtensibilityGlobals) = postSolution
		SolutionGuid = {96BE6E22-44D3-4D16-8A69-E99E21AC117C}
	EndGlobalSection
EndGlobal
